
Microsoft Visual Studio Solution File, Format Version 12.00
# Visual Studio Version 17
VisualStudioVersion = 17.4.33213.308
MinimumVisualStudioVersion = 10.0.40219.1
Project("{9A19103F-16F7-4668-BE54-9A1E7A4F7556}") = "BiathlonProject", "BiathlonProject.csproj", "{BF372DDB-AEEA-4FEE-B69B-ECA93A51C16F}"
EndProject
Project("{FAE04EC0-301F-11D3-BF4B-00C04F79EFBC}") = "BiathlonProjectUnitTests", "..\BiathlonProjectUnitTests\BiathlonProjectUnitTests.csproj", "{19D86C45-598B-4D49-AD2C-50510BFE1303}"
EndProject
Global
	GlobalSection(SolutionConfigurationPlatforms) = preSolution
		Debug|Any CPU = Debug|Any CPU
		Release|Any CPU = Release|Any CPU
	EndGlobalSection
	GlobalSection(ProjectConfigurationPlatforms) = postSolution
		{BF372DDB-AEEA-4FEE-B69B-ECA93A51C16F}.Debug|Any CPU.ActiveCfg = Debug|Any CPU
		{BF372DDB-AEEA-4FEE-B69B-ECA93A51C16F}.Debug|Any CPU.Build.0 = Debug|Any CPU
		{BF372DDB-AEEA-4FEE-B69B-ECA93A51C16F}.Release|Any CPU.ActiveCfg = Release|Any CPU
		{BF372DDB-AEEA-4FEE-B69B-ECA93A51C16F}.Release|Any CPU.Build.0 = Release|Any CPU
		{19D86C45-598B-4D49-AD2C-50510BFE1303}.Debug|Any CPU.ActiveCfg = Debug|Any CPU
		{19D86C45-598B-4D49-AD2C-50510BFE1303}.Debug|Any CPU.Build.0 = Debug|Any CPU
		{19D86C45-598B-4D49-AD2C-50510BFE1303}.Release|Any CPU.ActiveCfg = Release|Any CPU
		{19D86C45-598B-4D49-AD2C-50510BFE1303}.Release|Any CPU.Build.0 = Release|Any CPU
	EndGlobalSection
	GlobalSection(SolutionProperties) = preSolution
		HideSolutionNode = FALSE
	EndGlobalSection
	GlobalSection(ExtensibilityGlobals) = postSolution
		SolutionGuid = {16F7C36C-01C6-432D-9099-0FC9B664FF54}
	EndGlobalSection
EndGlobal
